// !$*UTF8*$!
{
	archiveVersion = 1;
	classes = {
	};
	objectVersion = 56;
	objects = {

/* Begin PBXBuildFile section */
		255321492A31190A009973C0 /* RoundResultsViewController.swift in Sources */ = {isa = PBXBuildFile; fileRef = 255321482A31190A009973C0 /* RoundResultsViewController.swift */; };
		25603B1B2A2CB79D00DF3096 /* ChooseTopicViewController.swift in Sources */ = {isa = PBXBuildFile; fileRef = 25603B1A2A2CB79D00DF3096 /* ChooseTopicViewController.swift */; };
		25603B272A2E266500DF3096 /* TimerViewController.swift in Sources */ = {isa = PBXBuildFile; fileRef = 25603B262A2E266500DF3096 /* TimerViewController.swift */; };
		25603B292A2F1F1E00DF3096 /* Logic.swift in Sources */ = {isa = PBXBuildFile; fileRef = 25603B282A2F1F1E00DF3096 /* Logic.swift */; };
		25603B2B2A2F3EEB00DF3096 /* OwnWordsViewController.swift in Sources */ = {isa = PBXBuildFile; fileRef = 25603B2A2A2F3EEB00DF3096 /* OwnWordsViewController.swift */; };
		F908C4DB2A2B9B0100EB2050 /* ThirdViewController.swift in Sources */ = {isa = PBXBuildFile; fileRef = F908C4DA2A2B9B0100EB2050 /* ThirdViewController.swift */; };
		F908C4DD2A2B9D7200EB2050 /* RulesViewController.swift in Sources */ = {isa = PBXBuildFile; fileRef = F908C4DC2A2B9D7200EB2050 /* RulesViewController.swift */; };
		F927E8F72A3076A300897332 /* Team.swift in Sources */ = {isa = PBXBuildFile; fileRef = F927E8F62A3076A300897332 /* Team.swift */; };
		F933BCB02A2E09EF00177A8F /* StartGameAndPointsViewController.swift in Sources */ = {isa = PBXBuildFile; fileRef = F933BCAF2A2E09EF00177A8F /* StartGameAndPointsViewController.swift */; };
		F9486FD32A2B5C3900523EA1 /* AppDelegate.swift in Sources */ = {isa = PBXBuildFile; fileRef = F9486FD22A2B5C3900523EA1 /* AppDelegate.swift */; };
		F9486FD52A2B5C3900523EA1 /* SceneDelegate.swift in Sources */ = {isa = PBXBuildFile; fileRef = F9486FD42A2B5C3900523EA1 /* SceneDelegate.swift */; };
		F9486FD72A2B5C3900523EA1 /* ViewController.swift in Sources */ = {isa = PBXBuildFile; fileRef = F9486FD62A2B5C3900523EA1 /* ViewController.swift */; };
		F9486FDA2A2B5C3900523EA1 /* Main.storyboard in Resources */ = {isa = PBXBuildFile; fileRef = F9486FD82A2B5C3900523EA1 /* Main.storyboard */; };
		F9486FDC2A2B5C3B00523EA1 /* Assets.xcassets in Resources */ = {isa = PBXBuildFile; fileRef = F9486FDB2A2B5C3B00523EA1 /* Assets.xcassets */; };
		F9486FDF2A2B5C3B00523EA1 /* LaunchScreen.storyboard in Resources */ = {isa = PBXBuildFile; fileRef = F9486FDD2A2B5C3B00523EA1 /* LaunchScreen.storyboard */; };
		F9486FE72A2B709600523EA1 /* SecondViewController.swift in Sources */ = {isa = PBXBuildFile; fileRef = F9486FE62A2B709600523EA1 /* SecondViewController.swift */; };
/* End PBXBuildFile section */

/* Begin PBXFileReference section */
		255321482A31190A009973C0 /* RoundResultsViewController.swift */ = {isa = PBXFileReference; lastKnownFileType = sourcecode.swift; path = RoundResultsViewController.swift; sourceTree = "<group>"; };
		25603B1A2A2CB79D00DF3096 /* ChooseTopicViewController.swift */ = {isa = PBXFileReference; lastKnownFileType = sourcecode.swift; path = ChooseTopicViewController.swift; sourceTree = "<group>"; };
		25603B262A2E266500DF3096 /* TimerViewController.swift */ = {isa = PBXFileReference; lastKnownFileType = sourcecode.swift; path = TimerViewController.swift; sourceTree = "<group>"; };
		25603B282A2F1F1E00DF3096 /* Logic.swift */ = {isa = PBXFileReference; lastKnownFileType = sourcecode.swift; path = Logic.swift; sourceTree = "<group>"; };
		25603B2A2A2F3EEB00DF3096 /* OwnWordsViewController.swift */ = {isa = PBXFileReference; lastKnownFileType = sourcecode.swift; path = OwnWordsViewController.swift; sourceTree = "<group>"; };
		F908C4DA2A2B9B0100EB2050 /* ThirdViewController.swift */ = {isa = PBXFileReference; lastKnownFileType = sourcecode.swift; path = ThirdViewController.swift; sourceTree = "<group>"; };
		F908C4DC2A2B9D7200EB2050 /* RulesViewController.swift */ = {isa = PBXFileReference; lastKnownFileType = sourcecode.swift; path = RulesViewController.swift; sourceTree = "<group>"; };
		F927E8F62A3076A300897332 /* Team.swift */ = {isa = PBXFileReference; lastKnownFileType = sourcecode.swift; path = Team.swift; sourceTree = "<group>"; };
		F933BCAF2A2E09EF00177A8F /* StartGameAndPointsViewController.swift */ = {isa = PBXFileReference; lastKnownFileType = sourcecode.swift; path = StartGameAndPointsViewController.swift; sourceTree = "<group>"; };
		F9486FCF2A2B5C3900523EA1 /* AliasProject.app */ = {isa = PBXFileReference; explicitFileType = wrapper.application; includeInIndex = 0; path = AliasProject.app; sourceTree = BUILT_PRODUCTS_DIR; };
		F9486FD22A2B5C3900523EA1 /* AppDelegate.swift */ = {isa = PBXFileReference; lastKnownFileType = sourcecode.swift; path = AppDelegate.swift; sourceTree = "<group>"; };
		F9486FD42A2B5C3900523EA1 /* SceneDelegate.swift */ = {isa = PBXFileReference; lastKnownFileType = sourcecode.swift; path = SceneDelegate.swift; sourceTree = "<group>"; };
		F9486FD62A2B5C3900523EA1 /* ViewController.swift */ = {isa = PBXFileReference; lastKnownFileType = sourcecode.swift; path = ViewController.swift; sourceTree = "<group>"; };
		F9486FD92A2B5C3900523EA1 /* Base */ = {isa = PBXFileReference; lastKnownFileType = file.storyboard; name = Base; path = Base.lproj/Main.storyboard; sourceTree = "<group>"; };
		F9486FDB2A2B5C3B00523EA1 /* Assets.xcassets */ = {isa = PBXFileReference; lastKnownFileType = folder.assetcatalog; path = Assets.xcassets; sourceTree = "<group>"; };
		F9486FDE2A2B5C3B00523EA1 /* Base */ = {isa = PBXFileReference; lastKnownFileType = file.storyboard; name = Base; path = Base.lproj/LaunchScreen.storyboard; sourceTree = "<group>"; };
		F9486FE02A2B5C3B00523EA1 /* Info.plist */ = {isa = PBXFileReference; lastKnownFileType = text.plist.xml; path = Info.plist; sourceTree = "<group>"; };
		F9486FE62A2B709600523EA1 /* SecondViewController.swift */ = {isa = PBXFileReference; lastKnownFileType = sourcecode.swift; path = SecondViewController.swift; sourceTree = "<group>"; };
/* End PBXFileReference section */

/* Begin PBXFrameworksBuildPhase section */
		F9486FCC2A2B5C3900523EA1 /* Frameworks */ = {
			isa = PBXFrameworksBuildPhase;
			buildActionMask = 2147483647;
			files = (
			);
			runOnlyForDeploymentPostprocessing = 0;
		};
/* End PBXFrameworksBuildPhase section */

/* Begin PBXGroup section */
		25603B1E2A2CB9E100DF3096 /* Services */ = {
			isa = PBXGroup;
			children = (
				F927E8F62A3076A300897332 /* Team.swift */,
				25603B282A2F1F1E00DF3096 /* Logic.swift */,
			);
			path = Services;
			sourceTree = "<group>";
		};
		F9486FC62A2B5C3900523EA1 = {
			isa = PBXGroup;
			children = (
				F908C4DC2A2B9D7200EB2050 /* RulesViewController.swift */,
				F9486FE62A2B709600523EA1 /* SecondViewController.swift */,
				25603B1A2A2CB79D00DF3096 /* ChooseTopicViewController.swift */,
				25603B2A2A2F3EEB00DF3096 /* OwnWordsViewController.swift */,
				F933BCAF2A2E09EF00177A8F /* StartGameAndPointsViewController.swift */,
				25603B262A2E266500DF3096 /* TimerViewController.swift */,
				255321482A31190A009973C0 /* RoundResultsViewController.swift */,
				F908C4DA2A2B9B0100EB2050 /* ThirdViewController.swift */,
				25603B1E2A2CB9E100DF3096 /* Services */,
				F9486FD12A2B5C3900523EA1 /* AliasProject */,
				F9486FD02A2B5C3900523EA1 /* Products */,
			);
			sourceTree = "<group>";
		};
		F9486FD02A2B5C3900523EA1 /* Products */ = {
			isa = PBXGroup;
			children = (
				F9486FCF2A2B5C3900523EA1 /* AliasProject.app */,
			);
			name = Products;
			sourceTree = "<group>";
		};
		F9486FD12A2B5C3900523EA1 /* AliasProject */ = {
			isa = PBXGroup;
			children = (
				F9486FD22A2B5C3900523EA1 /* AppDelegate.swift */,
				F9486FD42A2B5C3900523EA1 /* SceneDelegate.swift */,
				F9486FD62A2B5C3900523EA1 /* ViewController.swift */,
				F9486FD82A2B5C3900523EA1 /* Main.storyboard */,
				F9486FDB2A2B5C3B00523EA1 /* Assets.xcassets */,
				F9486FDD2A2B5C3B00523EA1 /* LaunchScreen.storyboard */,
				F9486FE02A2B5C3B00523EA1 /* Info.plist */,
			);
			path = AliasProject;
			sourceTree = "<group>";
		};
/* End PBXGroup section */

/* Begin PBXNativeTarget section */
		F9486FCE2A2B5C3900523EA1 /* AliasProject */ = {
			isa = PBXNativeTarget;
			buildConfigurationList = F9486FE32A2B5C3B00523EA1 /* Build configuration list for PBXNativeTarget "AliasProject" */;
			buildPhases = (
				F9486FCB2A2B5C3900523EA1 /* Sources */,
				F9486FCC2A2B5C3900523EA1 /* Frameworks */,
				F9486FCD2A2B5C3900523EA1 /* Resources */,
			);
			buildRules = (
			);
			dependencies = (
			);
			name = AliasProject;
			productName = AliasProject;
			productReference = F9486FCF2A2B5C3900523EA1 /* AliasProject.app */;
			productType = "com.apple.product-type.application";
		};
/* End PBXNativeTarget section */

/* Begin PBXProject section */
		F9486FC72A2B5C3900523EA1 /* Project object */ = {
			isa = PBXProject;
			attributes = {
				BuildIndependentTargetsInParallel = 1;
				LastSwiftUpdateCheck = 1410;
				LastUpgradeCheck = 1410;
				TargetAttributes = {
					F9486FCE2A2B5C3900523EA1 = {
						CreatedOnToolsVersion = 14.1;
					};
				};
			};
			buildConfigurationList = F9486FCA2A2B5C3900523EA1 /* Build configuration list for PBXProject "AliasProject" */;
			compatibilityVersion = "Xcode 14.0";
			developmentRegion = en;
			hasScannedForEncodings = 0;
			knownRegions = (
				en,
				Base,
			);
			mainGroup = F9486FC62A2B5C3900523EA1;
			productRefGroup = F9486FD02A2B5C3900523EA1 /* Products */;
			projectDirPath = "";
			projectRoot = "";
			targets = (
				F9486FCE2A2B5C3900523EA1 /* AliasProject */,
			);
		};
/* End PBXProject section */

/* Begin PBXResourcesBuildPhase section */
		F9486FCD2A2B5C3900523EA1 /* Resources */ = {
			isa = PBXResourcesBuildPhase;
			buildActionMask = 2147483647;
			files = (
				F9486FDF2A2B5C3B00523EA1 /* LaunchScreen.storyboard in Resources */,
				F9486FDC2A2B5C3B00523EA1 /* Assets.xcassets in Resources */,
				F9486FDA2A2B5C3900523EA1 /* Main.storyboard in Resources */,
			);
			runOnlyForDeploymentPostprocessing = 0;
		};
/* End PBXResourcesBuildPhase section */

/* Begin PBXSourcesBuildPhase section */
		F9486FCB2A2B5C3900523EA1 /* Sources */ = {
			isa = PBXSourcesBuildPhase;
			buildActionMask = 2147483647;
			files = (
				F927E8F72A3076A300897332 /* Team.swift in Sources */,
				255321492A31190A009973C0 /* RoundResultsViewController.swift in Sources */,
				F9486FE72A2B709600523EA1 /* SecondViewController.swift in Sources */,
				F9486FD72A2B5C3900523EA1 /* ViewController.swift in Sources */,
				25603B292A2F1F1E00DF3096 /* Logic.swift in Sources */,
				F908C4DB2A2B9B0100EB2050 /* ThirdViewController.swift in Sources */,
				25603B2B2A2F3EEB00DF3096 /* OwnWordsViewController.swift in Sources */,
				25603B1B2A2CB79D00DF3096 /* ChooseTopicViewController.swift in Sources */,
				F9486FD32A2B5C3900523EA1 /* AppDelegate.swift in Sources */,
				F908C4DD2A2B9D7200EB2050 /* RulesViewController.swift in Sources */,
				F933BCB02A2E09EF00177A8F /* StartGameAndPointsViewController.swift in Sources */,
				25603B272A2E266500DF3096 /* TimerViewController.swift in Sources */,
				F9486FD52A2B5C3900523EA1 /* SceneDelegate.swift in Sources */,
			);
			runOnlyForDeploymentPostprocessing = 0;
		};
/* End PBXSourcesBuildPhase section */

/* Begin PBXVariantGroup section */
		F9486FD82A2B5C3900523EA1 /* Main.storyboard */ = {
			isa = PBXVariantGroup;
			children = (
				F9486FD92A2B5C3900523EA1 /* Base */,
			);
			name = Main.storyboard;
			sourceTree = "<group>";
		};
		F9486FDD2A2B5C3B00523EA1 /* LaunchScreen.storyboard */ = {
			isa = PBXVariantGroup;
			children = (
				F9486FDE2A2B5C3B00523EA1 /* Base */,
			);
			name = LaunchScreen.storyboard;
			sourceTree = "<group>";
		};
/* End PBXVariantGroup section */

/* Begin XCBuildConfiguration section */
		F9486FE12A2B5C3B00523EA1 /* Debug */ = {
			isa = XCBuildConfiguration;
			buildSettings = {
				ALWAYS_SEARCH_USER_PATHS = NO;
				CLANG_ANALYZER_NONNULL = YES;
				CLANG_ANALYZER_NUMBER_OBJECT_CONVERSION = YES_AGGRESSIVE;
				CLANG_CXX_LANGUAGE_STANDARD = "gnu++20";
				CLANG_ENABLE_MODULES = YES;
				CLANG_ENABLE_OBJC_ARC = YES;
				CLANG_ENABLE_OBJC_WEAK = YES;
				CLANG_WARN_BLOCK_CAPTURE_AUTORELEASING = YES;
				CLANG_WARN_BOOL_CONVERSION = YES;
				CLANG_WARN_COMMA = YES;
				CLANG_WARN_CONSTANT_CONVERSION = YES;
				CLANG_WARN_DEPRECATED_OBJC_IMPLEMENTATIONS = YES;
				CLANG_WARN_DIRECT_OBJC_ISA_USAGE = YES_ERROR;
				CLANG_WARN_DOCUMENTATION_COMMENTS = YES;
				CLANG_WARN_EMPTY_BODY = YES;
				CLANG_WARN_ENUM_CONVERSION = YES;
				CLANG_WARN_INFINITE_RECURSION = YES;
				CLANG_WARN_INT_CONVERSION = YES;
				CLANG_WARN_NON_LITERAL_NULL_CONVERSION = YES;
				CLANG_WARN_OBJC_IMPLICIT_RETAIN_SELF = YES;
				CLANG_WARN_OBJC_LITERAL_CONVERSION = YES;
				CLANG_WARN_OBJC_ROOT_CLASS = YES_ERROR;
				CLANG_WARN_QUOTED_INCLUDE_IN_FRAMEWORK_HEADER = YES;
				CLANG_WARN_RANGE_LOOP_ANALYSIS = YES;
				CLANG_WARN_STRICT_PROTOTYPES = YES;
				CLANG_WARN_SUSPICIOUS_MOVE = YES;
				CLANG_WARN_UNGUARDED_AVAILABILITY = YES_AGGRESSIVE;
				CLANG_WARN_UNREACHABLE_CODE = YES;
				CLANG_WARN__DUPLICATE_METHOD_MATCH = YES;
				COPY_PHASE_STRIP = NO;
				DEBUG_INFORMATION_FORMAT = dwarf;
				ENABLE_STRICT_OBJC_MSGSEND = YES;
				ENABLE_TESTABILITY = YES;
				GCC_C_LANGUAGE_STANDARD = gnu11;
				GCC_DYNAMIC_NO_PIC = NO;
				GCC_NO_COMMON_BLOCKS = YES;
				GCC_OPTIMIZATION_LEVEL = 0;
				GCC_PREPROCESSOR_DEFINITIONS = (
					"DEBUG=1",
					"$(inherited)",
				);
				GCC_WARN_64_TO_32_BIT_CONVERSION = YES;
				GCC_WARN_ABOUT_RETURN_TYPE = YES_ERROR;
				GCC_WARN_UNDECLARED_SELECTOR = YES;
				GCC_WARN_UNINITIALIZED_AUTOS = YES_AGGRESSIVE;
				GCC_WARN_UNUSED_FUNCTION = YES;
				GCC_WARN_UNUSED_VARIABLE = YES;
				IPHONEOS_DEPLOYMENT_TARGET = 16.1;
				MTL_ENABLE_DEBUG_INFO = INCLUDE_SOURCE;
				MTL_FAST_MATH = YES;
				ONLY_ACTIVE_ARCH = YES;
				SDKROOT = iphoneos;
				SWIFT_ACTIVE_COMPILATION_CONDITIONS = DEBUG;
				SWIFT_OPTIMIZATION_LEVEL = "-Onone";
			};
			name = Debug;
		};
		F9486FE22A2B5C3B00523EA1 /* Release */ = {
			isa = XCBuildConfiguration;
			buildSettings = {
				ALWAYS_SEARCH_USER_PATHS = NO;
				CLANG_ANALYZER_NONNULL = YES;
				CLANG_ANALYZER_NUMBER_OBJECT_CONVERSION = YES_AGGRESSIVE;
				CLANG_CXX_LANGUAGE_STANDARD = "gnu++20";
				CLANG_ENABLE_MODULES = YES;
				CLANG_ENABLE_OBJC_ARC = YES;
				CLANG_ENABLE_OBJC_WEAK = YES;
				CLANG_WARN_BLOCK_CAPTURE_AUTORELEASING = YES;
				CLANG_WARN_BOOL_CONVERSION = YES;
				CLANG_WARN_COMMA = YES;
				CLANG_WARN_CONSTANT_CONVERSION = YES;
				CLANG_WARN_DEPRECATED_OBJC_IMPLEMENTATIONS = YES;
				CLANG_WARN_DIRECT_OBJC_ISA_USAGE = YES_ERROR;
				CLANG_WARN_DOCUMENTATION_COMMENTS = YES;
				CLANG_WARN_EMPTY_BODY = YES;
				CLANG_WARN_ENUM_CONVERSION = YES;
				CLANG_WARN_INFINITE_RECURSION = YES;
				CLANG_WARN_INT_CONVERSION = YES;
				CLANG_WARN_NON_LITERAL_NULL_CONVERSION = YES;
				CLANG_WARN_OBJC_IMPLICIT_RETAIN_SELF = YES;
				CLANG_WARN_OBJC_LITERAL_CONVERSION = YES;
				CLANG_WARN_OBJC_ROOT_CLASS = YES_ERROR;
				CLANG_WARN_QUOTED_INCLUDE_IN_FRAMEWORK_HEADER = YES;
				CLANG_WARN_RANGE_LOOP_ANALYSIS = YES;
				CLANG_WARN_STRICT_PROTOTYPES = YES;
				CLANG_WARN_SUSPICIOUS_MOVE = YES;
				CLANG_WARN_UNGUARDED_AVAILABILITY = YES_AGGRESSIVE;
				CLANG_WARN_UNREACHABLE_CODE = YES;
				CLANG_WARN__DUPLICATE_METHOD_MATCH = YES;
				COPY_PHASE_STRIP = NO;
				DEBUG_INFORMATION_FORMAT = "dwarf-with-dsym";
				ENABLE_NS_ASSERTIONS = NO;
				ENABLE_STRICT_OBJC_MSGSEND = YES;
				GCC_C_LANGUAGE_STANDARD = gnu11;
				GCC_NO_COMMON_BLOCKS = YES;
				GCC_WARN_64_TO_32_BIT_CONVERSION = YES;
				GCC_WARN_ABOUT_RETURN_TYPE = YES_ERROR;
				GCC_WARN_UNDECLARED_SELECTOR = YES;
				GCC_WARN_UNINITIALIZED_AUTOS = YES_AGGRESSIVE;
				GCC_WARN_UNUSED_FUNCTION = YES;
				GCC_WARN_UNUSED_VARIABLE = YES;
				IPHONEOS_DEPLOYMENT_TARGET = 16.1;
				MTL_ENABLE_DEBUG_INFO = NO;
				MTL_FAST_MATH = YES;
				SDKROOT = iphoneos;
				SWIFT_COMPILATION_MODE = wholemodule;
				SWIFT_OPTIMIZATION_LEVEL = "-O";
				VALIDATE_PRODUCT = YES;
			};
			name = Release;
		};
		F9486FE42A2B5C3B00523EA1 /* Debug */ = {
			isa = XCBuildConfiguration;
			buildSettings = {
				ASSETCATALOG_COMPILER_APPICON_NAME = AppIcon;
				ASSETCATALOG_COMPILER_GLOBAL_ACCENT_COLOR_NAME = AccentColor;
				CODE_SIGN_STYLE = Automatic;
				CURRENT_PROJECT_VERSION = 1;
				GENERATE_INFOPLIST_FILE = YES;
				INFOPLIST_FILE = AliasProject/Info.plist;
				INFOPLIST_KEY_UIApplicationSupportsIndirectInputEvents = YES;
				INFOPLIST_KEY_UILaunchStoryboardName = LaunchScreen;
				INFOPLIST_KEY_UIMainStoryboardFile = Main;
				INFOPLIST_KEY_UISupportedInterfaceOrientations = UIInterfaceOrientationPortrait;
				INFOPLIST_KEY_UISupportedInterfaceOrientations_iPad = "UIInterfaceOrientationLandscapeLeft UIInterfaceOrientationLandscapeRight UIInterfaceOrientationPortrait UIInterfaceOrientationPortraitUpsideDown";
				LD_RUNPATH_SEARCH_PATHS = (
					"$(inherited)",
					"@executable_path/Frameworks",
				);
				MARKETING_VERSION = 1.0;
				PRODUCT_BUNDLE_IDENTIFIER = Marikavka.AliasProject;
				PRODUCT_NAME = "$(TARGET_NAME)";
				SUPPORTED_PLATFORMS = "iphoneos iphonesimulator";
				SUPPORTS_MACCATALYST = NO;
				SUPPORTS_MAC_DESIGNED_FOR_IPHONE_IPAD = NO;
				SWIFT_EMIT_LOC_STRINGS = YES;
				SWIFT_VERSION = 5.0;
				TARGETED_DEVICE_FAMILY = 1;
			};
			name = Debug;
		};
		F9486FE52A2B5C3B00523EA1 /* Release */ = {
			isa = XCBuildConfiguration;
			buildSettings = {
				ASSETCATALOG_COMPILER_APPICON_NAME = AppIcon;
				ASSETCATALOG_COMPILER_GLOBAL_ACCENT_COLOR_NAME = AccentColor;
				CODE_SIGN_STYLE = Automatic;
				CURRENT_PROJECT_VERSION = 1;
				GENERATE_INFOPLIST_FILE = YES;
				INFOPLIST_FILE = AliasProject/Info.plist;
				INFOPLIST_KEY_UIApplicationSupportsIndirectInputEvents = YES;
				INFOPLIST_KEY_UILaunchStoryboardName = LaunchScreen;
				INFOPLIST_KEY_UIMainStoryboardFile = Main;
				INFOPLIST_KEY_UISupportedInterfaceOrientations = UIInterfaceOrientationPortrait;
				INFOPLIST_KEY_UISupportedInterfaceOrientations_iPad = "UIInterfaceOrientationLandscapeLeft UIInterfaceOrientationLandscapeRight UIInterfaceOrientationPortrait UIInterfaceOrientationPortraitUpsideDown";
				LD_RUNPATH_SEARCH_PATHS = (
					"$(inherited)",
					"@executable_path/Frameworks",
				);
				MARKETING_VERSION = 1.0;
				PRODUCT_BUNDLE_IDENTIFIER = Marikavka.AliasProject;
				PRODUCT_NAME = "$(TARGET_NAME)";
				SUPPORTED_PLATFORMS = "iphoneos iphonesimulator";
				SUPPORTS_MACCATALYST = NO;
				SUPPORTS_MAC_DESIGNED_FOR_IPHONE_IPAD = NO;
				SWIFT_EMIT_LOC_STRINGS = YES;
				SWIFT_VERSION = 5.0;
				TARGETED_DEVICE_FAMILY = 1;
			};
			name = Release;
		};
/* End XCBuildConfiguration section */

/* Begin XCConfigurationList section */
		F9486FCA2A2B5C3900523EA1 /* Build configuration list for PBXProject "AliasProject" */ = {
			isa = XCConfigurationList;
			buildConfigurations = (
				F9486FE12A2B5C3B00523EA1 /* Debug */,
				F9486FE22A2B5C3B00523EA1 /* Release */,
			);
			defaultConfigurationIsVisible = 0;
			defaultConfigurationName = Release;
		};
		F9486FE32A2B5C3B00523EA1 /* Build configuration list for PBXNativeTarget "AliasProject" */ = {
			isa = XCConfigurationList;
			buildConfigurations = (
				F9486FE42A2B5C3B00523EA1 /* Debug */,
				F9486FE52A2B5C3B00523EA1 /* Release */,
			);
			defaultConfigurationIsVisible = 0;
			defaultConfigurationName = Release;
		};
/* End XCConfigurationList section */
	};
	rootObject = F9486FC72A2B5C3900523EA1 /* Project object */;
}
